// !$*UTF8*$!
{
	archiveVersion = 1;
	classes = {
	};
	objectVersion = 52;
	objects = {

/* Begin PBXBuildFile section */
		1E79B5F112D2F396CFF077F1 /* Pods_Boast.framework in Frameworks */ = {isa = PBXBuildFile; fileRef = F930E7685B3EC0A57B277551 /* Pods_Boast.framework */; };
		23086D272508065B0029A9C2 /* ActivityView.swift in Sources */ = {isa = PBXBuildFile; fileRef = 23086D262508065B0029A9C2 /* ActivityView.swift */; };
		23086D2A25080C910029A9C2 /* SwiftyJSON in Frameworks */ = {isa = PBXBuildFile; productRef = 23086D2925080C910029A9C2 /* SwiftyJSON */; };
		2319055E24ECBA4500939FE3 /* BoastApp.swift in Sources */ = {isa = PBXBuildFile; fileRef = 2319055D24ECBA4500939FE3 /* BoastApp.swift */; };
		2319056224ECBA4700939FE3 /* Assets.xcassets in Resources */ = {isa = PBXBuildFile; fileRef = 2319056124ECBA4700939FE3 /* Assets.xcassets */; };
		2319056524ECBA4700939FE3 /* Preview Assets.xcassets in Resources */ = {isa = PBXBuildFile; fileRef = 2319056424ECBA4700939FE3 /* Preview Assets.xcassets */; };
		2319057024ECBA4700939FE3 /* BoastTests.swift in Sources */ = {isa = PBXBuildFile; fileRef = 2319056F24ECBA4700939FE3 /* BoastTests.swift */; };
		2319057B24ECBA4700939FE3 /* BoastUITests.swift in Sources */ = {isa = PBXBuildFile; fileRef = 2319057A24ECBA4700939FE3 /* BoastUITests.swift */; };
		231DF7AA24F8255F001221BC /* RootView.swift in Sources */ = {isa = PBXBuildFile; fileRef = 231DF7A924F8255F001221BC /* RootView.swift */; };
		231DF7AC24F8518C001221BC /* constants.swift in Sources */ = {isa = PBXBuildFile; fileRef = 231DF7AB24F8518C001221BC /* constants.swift */; };
		231DF7AE24F94430001221BC /* AccessoryBar.swift in Sources */ = {isa = PBXBuildFile; fileRef = 231DF7AD24F94430001221BC /* AccessoryBar.swift */; };
		231F9934250BEE2C00B2A288 /* SearchResults.swift in Sources */ = {isa = PBXBuildFile; fileRef = 231F9933250BEE2C00B2A288 /* SearchResults.swift */; };
		231F9938250DA92600B2A288 /* CommentsView.swift in Sources */ = {isa = PBXBuildFile; fileRef = 231F9937250DA92600B2A288 /* CommentsView.swift */; };
		231F993A250DC2D400B2A288 /* CommentBar.swift in Sources */ = {isa = PBXBuildFile; fileRef = 231F9939250DC2D400B2A288 /* CommentBar.swift */; };
		23272A9225AB99ED0036C859 /* GoogleService-Info.plist in Resources */ = {isa = PBXBuildFile; fileRef = 23272A9125AB99ED0036C859 /* GoogleService-Info.plist */; };
		23295AFC24F40E7900C976B0 /* SearchBar.swift in Sources */ = {isa = PBXBuildFile; fileRef = 23295AFB24F40E7900C976B0 /* SearchBar.swift */; };
		23295AFE24F4255900C976B0 /* BlurView.swift in Sources */ = {isa = PBXBuildFile; fileRef = 23295AFD24F4255900C976B0 /* BlurView.swift */; };
		23295B0024F43A0D00C976B0 /* AvatarIcon.swift in Sources */ = {isa = PBXBuildFile; fileRef = 23295AFF24F43A0D00C976B0 /* AvatarIcon.swift */; };
		232ADB75250EB113004406F3 /* comments.swift in Sources */ = {isa = PBXBuildFile; fileRef = 232ADB74250EB113004406F3 /* comments.swift */; };
		232ADB78250EB5E8004406F3 /* CommentListener.swift in Sources */ = {isa = PBXBuildFile; fileRef = 232ADB77250EB5E8004406F3 /* CommentListener.swift */; };
		232ADB7B250EB70F004406F3 /* CommentData.swift in Sources */ = {isa = PBXBuildFile; fileRef = 232ADB7A250EB70F004406F3 /* CommentData.swift */; };
		2332E92425378131009C81F5 /* languages.swift in Sources */ = {isa = PBXBuildFile; fileRef = 2332E92325378131009C81F5 /* languages.swift */; };
		2332E92C2537813D009C81F5 /* themes.swift in Sources */ = {isa = PBXBuildFile; fileRef = 2332E92B2537813D009C81F5 /* themes.swift */; };
		2332E93125378147009C81F5 /* settings.swift in Sources */ = {isa = PBXBuildFile; fileRef = 2332E93025378147009C81F5 /* settings.swift */; };
		234731F025277C7900B7DAF1 /* likes.swift in Sources */ = {isa = PBXBuildFile; fileRef = 234731EF25277C7900B7DAF1 /* likes.swift */; };
		2347321C2527B0BE00B7DAF1 /* CACodeEditor.swift in Sources */ = {isa = PBXBuildFile; fileRef = 2347321B2527B0BE00B7DAF1 /* CACodeEditor.swift */; };
		23511E662518F36D003DAE0C /* user.swift in Sources */ = {isa = PBXBuildFile; fileRef = 23511E652518F36D003DAE0C /* user.swift */; };
		23511E6B25193CDB003DAE0C /* FollowButton.swift in Sources */ = {isa = PBXBuildFile; fileRef = 23511E6A25193CDB003DAE0C /* FollowButton.swift */; };
		23511E7425193D88003DAE0C /* FollowListener.swift in Sources */ = {isa = PBXBuildFile; fileRef = 23511E7325193D88003DAE0C /* FollowListener.swift */; };
		2356033D250E7973008142D8 /* CommentTextEditor.swift in Sources */ = {isa = PBXBuildFile; fileRef = 2356033C250E7973008142D8 /* CommentTextEditor.swift */; };
		23560351250EA50B008142D8 /* SearchView.swift in Sources */ = {isa = PBXBuildFile; fileRef = 23560350250EA50B008142D8 /* SearchView.swift */; };
		23560353250EA588008142D8 /* PostData.swift in Sources */ = {isa = PBXBuildFile; fileRef = 23560352250EA588008142D8 /* PostData.swift */; };
		23560359250EA79D008142D8 /* Store.swift in Sources */ = {isa = PBXBuildFile; fileRef = 23560358250EA79D008142D8 /* Store.swift */; };
		2356035B250EA7FB008142D8 /* Auth.swift in Sources */ = {isa = PBXBuildFile; fileRef = 2356035A250EA7FB008142D8 /* Auth.swift */; };
		2356035E250EA88B008142D8 /* PostView.swift in Sources */ = {isa = PBXBuildFile; fileRef = 2356035D250EA88B008142D8 /* PostView.swift */; };
		23560360250EA8D3008142D8 /* Post.swift in Sources */ = {isa = PBXBuildFile; fileRef = 2356035F250EA8D3008142D8 /* Post.swift */; };
		23560363250EA91B008142D8 /* LikeListener.swift in Sources */ = {isa = PBXBuildFile; fileRef = 23560362250EA91B008142D8 /* LikeListener.swift */; };
		23560365250EA9B5008142D8 /* extensions.swift in Sources */ = {isa = PBXBuildFile; fileRef = 23560364250EA9B5008142D8 /* extensions.swift */; };
		23560368250EAC10008142D8 /* submit-snippet.swift in Sources */ = {isa = PBXBuildFile; fileRef = 23560367250EAC10008142D8 /* submit-snippet.swift */; };
		2370A6E7251A9E4C00F8A030 /* activity.swift in Sources */ = {isa = PBXBuildFile; fileRef = 2370A6E6251A9E4C00F8A030 /* activity.swift */; };
		2370A6EF251ADBE000F8A030 /* activity-service.swift in Sources */ = {isa = PBXBuildFile; fileRef = 2370A6EE251ADBE000F8A030 /* activity-service.swift */; };
		2370A6F7251B81A500F8A030 /* ProfileEditor.swift in Sources */ = {isa = PBXBuildFile; fileRef = 2370A6F6251B81A500F8A030 /* ProfileEditor.swift */; };
		2370A6FC251B829B00F8A030 /* ProfileSettingsView.swift in Sources */ = {isa = PBXBuildFile; fileRef = 2370A6FB251B829B00F8A030 /* ProfileSettingsView.swift */; };
		2370A760251C2E4C00F8A030 /* Splash in Frameworks */ = {isa = PBXBuildFile; productRef = 2370A75F251C2E4C00F8A030 /* Splash */; };
		2370A76A251CD50F00F8A030 /* HighlightJSView.swift in Sources */ = {isa = PBXBuildFile; fileRef = 2370A769251CD50F00F8A030 /* HighlightJSView.swift */; };
		239AAFDE24EDD1EC00FD8B2B /* HomeView.swift in Sources */ = {isa = PBXBuildFile; fileRef = 239AAFDD24EDD1EC00FD8B2B /* HomeView.swift */; };
		23BE563A24FEBAC500DBFF5C /* TabNavigationView.swift in Sources */ = {isa = PBXBuildFile; fileRef = 23BE563924FEBAC500DBFF5C /* TabNavigationView.swift */; };
		23BE563C24FED99C00DBFF5C /* CodeEditor.swift in Sources */ = {isa = PBXBuildFile; fileRef = 23BE563B24FED99C00DBFF5C /* CodeEditor.swift */; };
		23BE563E25000D0B00DBFF5C /* PostEditor.swift in Sources */ = {isa = PBXBuildFile; fileRef = 23BE563D25000D0B00DBFF5C /* PostEditor.swift */; };
		23BED3F4252216AB008A0FA9 /* dist in Resources */ = {isa = PBXBuildFile; fileRef = 23BED3F3252216AB008A0FA9 /* dist */; };
		23BED3FE25224881008A0FA9 /* Theme.swift in Sources */ = {isa = PBXBuildFile; fileRef = 23BED3FD25224881008A0FA9 /* Theme.swift */; };
		23BED40D25224A4E008A0FA9 /* highlightr in Resources */ = {isa = PBXBuildFile; fileRef = 23BED40C25224A4E008A0FA9 /* highlightr */; };
		23C227CA252CCB9300079F3F /* BrowseView.swift in Sources */ = {isa = PBXBuildFile; fileRef = 23C227C9252CCB9300079F3F /* BrowseView.swift */; };
		23C227CF252CE60200079F3F /* SCNCodeEditor.swift in Sources */ = {isa = PBXBuildFile; fileRef = 23C227CE252CE60200079F3F /* SCNCodeEditor.swift */; };
		23C227D5252F534000079F3F /* SwiftUIPager in Frameworks */ = {isa = PBXBuildFile; productRef = 23C227D4252F534000079F3F /* SwiftUIPager */; };
		23CDAA4A2511185E00258473 /* elastic.swift in Sources */ = {isa = PBXBuildFile; fileRef = 23CDAA492511185E00258473 /* elastic.swift */; };
		23CDAA4D2511722800258473 /* AuthenticationView.swift in Sources */ = {isa = PBXBuildFile; fileRef = 23CDAA4C2511722800258473 /* AuthenticationView.swift */; };
		23CDAA51251249F300258473 /* SignUpView.swift in Sources */ = {isa = PBXBuildFile; fileRef = 23CDAA50251249F300258473 /* SignUpView.swift */; };
		23CDAA532512549A00258473 /* EnhancedTextField.swift in Sources */ = {isa = PBXBuildFile; fileRef = 23CDAA522512549A00258473 /* EnhancedTextField.swift */; };
		23CDAA552512654300258473 /* CreatePasswordView.swift in Sources */ = {isa = PBXBuildFile; fileRef = 23CDAA542512654300258473 /* CreatePasswordView.swift */; };
		23CDAA572512A3E500258473 /* EnterNameView.swift in Sources */ = {isa = PBXBuildFile; fileRef = 23CDAA562512A3E500258473 /* EnterNameView.swift */; };
		23DE86D6251535FD0022108F /* ShareViewController.swift in Sources */ = {isa = PBXBuildFile; fileRef = 23DE86D5251535FD0022108F /* ShareViewController.swift */; };
		23E6CB1A2512DB650084C966 /* authentication.swift in Sources */ = {isa = PBXBuildFile; fileRef = 23E6CB192512DB650084C966 /* authentication.swift */; };
		23E6CB1C2512E38C0084C966 /* CreateUsernameView.swift in Sources */ = {isa = PBXBuildFile; fileRef = 23E6CB1B2512E38C0084C966 /* CreateUsernameView.swift */; };
		23E6CB1E2512EF320084C966 /* AvatarUploadView.swift in Sources */ = {isa = PBXBuildFile; fileRef = 23E6CB1D2512EF320084C966 /* AvatarUploadView.swift */; };
		23E6CB202512F1FD0084C966 /* ImagePicker.swift in Sources */ = {isa = PBXBuildFile; fileRef = 23E6CB1F2512F1FD0084C966 /* ImagePicker.swift */; };
		23EA6AD924F4AF2D00E275F1 /* SwiftlySearch in Frameworks */ = {isa = PBXBuildFile; productRef = 23EA6AD824F4AF2D00E275F1 /* SwiftlySearch */; };
		23EA6ADB24F5949200E275F1 /* EditorView.swift in Sources */ = {isa = PBXBuildFile; fileRef = 23EA6ADA24F5949200E275F1 /* EditorView.swift */; };
		23EA6ADE24F5C14F00E275F1 /* PartialSheet in Frameworks */ = {isa = PBXBuildFile; productRef = 23EA6ADD24F5C14F00E275F1 /* PartialSheet */; };
		23EA6AE024F6002700E275F1 /* WebView.swift in Sources */ = {isa = PBXBuildFile; fileRef = 23EA6ADF24F6002700E275F1 /* WebView.swift */; };
		23F6EA3D2513BBED00D7FC5F /* GitHubView.swift in Sources */ = {isa = PBXBuildFile; fileRef = 23F6EA3C2513BBED00D7FC5F /* GitHubView.swift */; };
		23F6EA452513BD5C00D7FC5F /* SuggestLoginView.swift in Sources */ = {isa = PBXBuildFile; fileRef = 23F6EA442513BD5C00D7FC5F /* SuggestLoginView.swift */; };
		23F6EA4B2513BDD800D7FC5F /* OAuthProviderData.swift in Sources */ = {isa = PBXBuildFile; fileRef = 23F6EA4A2513BDD800D7FC5F /* OAuthProviderData.swift */; };
		23F6EA592513D0CC00D7FC5F /* FacebookView.swift in Sources */ = {isa = PBXBuildFile; fileRef = 23F6EA582513D0CC00D7FC5F /* FacebookView.swift */; };
		23F6EAE82513EF4A00D7FC5F /* FacebookLogin in Frameworks */ = {isa = PBXBuildFile; productRef = 23F6EAE72513EF4A00D7FC5F /* FacebookLogin */; };
		23F6EAEA2513EF4A00D7FC5F /* FacebookCore in Frameworks */ = {isa = PBXBuildFile; productRef = 23F6EAE92513EF4A00D7FC5F /* FacebookCore */; };
		23F6EC9225142D8E00D7FC5F /* CreateUserStore.swift in Sources */ = {isa = PBXBuildFile; fileRef = 23F6EC9125142D8E00D7FC5F /* CreateUserStore.swift */; };
		23F6EC9B2514FEA300D7FC5F /* AddFriendsView.swift in Sources */ = {isa = PBXBuildFile; fileRef = 23F6EC9A2514FEA300D7FC5F /* AddFriendsView.swift */; };
		23FFEFF424EEB3F6007CF1F4 /* ExploreView.swift in Sources */ = {isa = PBXBuildFile; fileRef = 23FFEFF324EEB3F6007CF1F4 /* ExploreView.swift */; };
		23FFEFF624EEB407007CF1F4 /* ProfileView.swift in Sources */ = {isa = PBXBuildFile; fileRef = 23FFEFF524EEB407007CF1F4 /* ProfileView.swift */; };
		23FFEFF824EEB802007CF1F4 /* FeedView.swift in Sources */ = {isa = PBXBuildFile; fileRef = 23FFEFF724EEB802007CF1F4 /* FeedView.swift */; };
		23FFEFFA24EEC645007CF1F4 /* AsyncImage.swift in Sources */ = {isa = PBXBuildFile; fileRef = 23FFEFF924EEC645007CF1F4 /* AsyncImage.swift */; };
/* End PBXBuildFile section */

/* Begin PBXContainerItemProxy section */
		2319056C24ECBA4700939FE3 /* PBXContainerItemProxy */ = {
			isa = PBXContainerItemProxy;
			containerPortal = 2319055224ECBA4500939FE3 /* Project object */;
			proxyType = 1;
			remoteGlobalIDString = 2319055924ECBA4500939FE3;
			remoteInfo = Boast;
		};
		2319057724ECBA4700939FE3 /* PBXContainerItemProxy */ = {
			isa = PBXContainerItemProxy;
			containerPortal = 2319055224ECBA4500939FE3 /* Project object */;
			proxyType = 1;
			remoteGlobalIDString = 2319055924ECBA4500939FE3;
			remoteInfo = Boast;
		};
/* End PBXContainerItemProxy section */

/* Begin PBXFileReference section */
		0FDEE6E3B7FD123E295B8790 /* Pods-Boast.debug.xcconfig */ = {isa = PBXFileReference; includeInIndex = 1; lastKnownFileType = text.xcconfig; name = "Pods-Boast.debug.xcconfig"; path = "Target Support Files/Pods-Boast/Pods-Boast.debug.xcconfig"; sourceTree = "<group>"; };
		23086D262508065B0029A9C2 /* ActivityView.swift */ = {isa = PBXFileReference; lastKnownFileType = sourcecode.swift; path = ActivityView.swift; sourceTree = "<group>"; };
		2319055A24ECBA4500939FE3 /* Boast.app */ = {isa = PBXFileReference; explicitFileType = wrapper.application; includeInIndex = 0; path = Boast.app; sourceTree = BUILT_PRODUCTS_DIR; };
		2319055D24ECBA4500939FE3 /* BoastApp.swift */ = {isa = PBXFileReference; lastKnownFileType = sourcecode.swift; path = BoastApp.swift; sourceTree = "<group>"; };
		2319056124ECBA4700939FE3 /* Assets.xcassets */ = {isa = PBXFileReference; lastKnownFileType = folder.assetcatalog; path = Assets.xcassets; sourceTree = "<group>"; };
		2319056424ECBA4700939FE3 /* Preview Assets.xcassets */ = {isa = PBXFileReference; lastKnownFileType = folder.assetcatalog; path = "Preview Assets.xcassets"; sourceTree = "<group>"; };
		2319056624ECBA4700939FE3 /* Info.plist */ = {isa = PBXFileReference; lastKnownFileType = text.plist.xml; path = Info.plist; sourceTree = "<group>"; };
		2319056B24ECBA4700939FE3 /* BoastTests.xctest */ = {isa = PBXFileReference; explicitFileType = wrapper.cfbundle; includeInIndex = 0; path = BoastTests.xctest; sourceTree = BUILT_PRODUCTS_DIR; };
		2319056F24ECBA4700939FE3 /* BoastTests.swift */ = {isa = PBXFileReference; lastKnownFileType = sourcecode.swift; path = BoastTests.swift; sourceTree = "<group>"; };
		2319057124ECBA4700939FE3 /* Info.plist */ = {isa = PBXFileReference; lastKnownFileType = text.plist.xml; path = Info.plist; sourceTree = "<group>"; };
		2319057624ECBA4700939FE3 /* BoastUITests.xctest */ = {isa = PBXFileReference; explicitFileType = wrapper.cfbundle; includeInIndex = 0; path = BoastUITests.xctest; sourceTree = BUILT_PRODUCTS_DIR; };
		2319057A24ECBA4700939FE3 /* BoastUITests.swift */ = {isa = PBXFileReference; lastKnownFileType = sourcecode.swift; path = BoastUITests.swift; sourceTree = "<group>"; };
		2319057C24ECBA4700939FE3 /* Info.plist */ = {isa = PBXFileReference; lastKnownFileType = text.plist.xml; path = Info.plist; sourceTree = "<group>"; };
		231DF7A924F8255F001221BC /* RootView.swift */ = {isa = PBXFileReference; lastKnownFileType = sourcecode.swift; path = RootView.swift; sourceTree = "<group>"; };
		231DF7AB24F8518C001221BC /* constants.swift */ = {isa = PBXFileReference; lastKnownFileType = sourcecode.swift; path = constants.swift; sourceTree = "<group>"; };
		231DF7AD24F94430001221BC /* AccessoryBar.swift */ = {isa = PBXFileReference; lastKnownFileType = sourcecode.swift; path = AccessoryBar.swift; sourceTree = "<group>"; };
		231F9933250BEE2C00B2A288 /* SearchResults.swift */ = {isa = PBXFileReference; lastKnownFileType = sourcecode.swift; path = SearchResults.swift; sourceTree = "<group>"; };
		231F9937250DA92600B2A288 /* CommentsView.swift */ = {isa = PBXFileReference; lastKnownFileType = sourcecode.swift; path = CommentsView.swift; sourceTree = "<group>"; };
		231F9939250DC2D400B2A288 /* CommentBar.swift */ = {isa = PBXFileReference; lastKnownFileType = sourcecode.swift; path = CommentBar.swift; sourceTree = "<group>"; };
		23272A9125AB99ED0036C859 /* GoogleService-Info.plist */ = {isa = PBXFileReference; fileEncoding = 4; lastKnownFileType = text.plist.xml; path = "GoogleService-Info.plist"; sourceTree = "<group>"; };
		23295AFB24F40E7900C976B0 /* SearchBar.swift */ = {isa = PBXFileReference; lastKnownFileType = sourcecode.swift; path = SearchBar.swift; sourceTree = "<group>"; };
		23295AFD24F4255900C976B0 /* BlurView.swift */ = {isa = PBXFileReference; lastKnownFileType = sourcecode.swift; path = BlurView.swift; sourceTree = "<group>"; };
		23295AFF24F43A0D00C976B0 /* AvatarIcon.swift */ = {isa = PBXFileReference; lastKnownFileType = sourcecode.swift; path = AvatarIcon.swift; sourceTree = "<group>"; };
		232ADB74250EB113004406F3 /* comments.swift */ = {isa = PBXFileReference; lastKnownFileType = sourcecode.swift; path = comments.swift; sourceTree = "<group>"; };
		232ADB77250EB5E8004406F3 /* CommentListener.swift */ = {isa = PBXFileReference; lastKnownFileType = sourcecode.swift; path = CommentListener.swift; sourceTree = "<group>"; };
		232ADB7A250EB70F004406F3 /* CommentData.swift */ = {isa = PBXFileReference; lastKnownFileType = sourcecode.swift; path = CommentData.swift; sourceTree = "<group>"; };
		2332E92325378131009C81F5 /* languages.swift */ = {isa = PBXFileReference; lastKnownFileType = sourcecode.swift; path = languages.swift; sourceTree = "<group>"; };
		2332E92B2537813D009C81F5 /* themes.swift */ = {isa = PBXFileReference; lastKnownFileType = sourcecode.swift; path = themes.swift; sourceTree = "<group>"; };
		2332E93025378147009C81F5 /* settings.swift */ = {isa = PBXFileReference; lastKnownFileType = sourcecode.swift; path = settings.swift; sourceTree = "<group>"; };
		234731EF25277C7900B7DAF1 /* likes.swift */ = {isa = PBXFileReference; lastKnownFileType = sourcecode.swift; path = likes.swift; sourceTree = "<group>"; };
		2347321B2527B0BE00B7DAF1 /* CACodeEditor.swift */ = {isa = PBXFileReference; lastKnownFileType = sourcecode.swift; path = CACodeEditor.swift; sourceTree = "<group>"; };
		23511E652518F36D003DAE0C /* user.swift */ = {isa = PBXFileReference; lastKnownFileType = sourcecode.swift; path = user.swift; sourceTree = "<group>"; };
		23511E6A25193CDB003DAE0C /* FollowButton.swift */ = {isa = PBXFileReference; lastKnownFileType = sourcecode.swift; path = FollowButton.swift; sourceTree = "<group>"; };
		23511E7325193D88003DAE0C /* FollowListener.swift */ = {isa = PBXFileReference; lastKnownFileType = sourcecode.swift; path = FollowListener.swift; sourceTree = "<group>"; };
		23511ED02519A286003DAE0C /* Boast.entitlements */ = {isa = PBXFileReference; lastKnownFileType = text.plist.entitlements; path = Boast.entitlements; sourceTree = "<group>"; };
		2356033C250E7973008142D8 /* CommentTextEditor.swift */ = {isa = PBXFileReference; lastKnownFileType = sourcecode.swift; path = CommentTextEditor.swift; sourceTree = "<group>"; };
		23560350250EA50B008142D8 /* SearchView.swift */ = {isa = PBXFileReference; lastKnownFileType = sourcecode.swift; path = SearchView.swift; sourceTree = "<group>"; };
		23560352250EA588008142D8 /* PostData.swift */ = {isa = PBXFileReference; lastKnownFileType = sourcecode.swift; path = PostData.swift; sourceTree = "<group>"; };
		23560358250EA79D008142D8 /* Store.swift */ = {isa = PBXFileReference; lastKnownFileType = sourcecode.swift; path = Store.swift; sourceTree = "<group>"; };
		2356035A250EA7FB008142D8 /* Auth.swift */ = {isa = PBXFileReference; lastKnownFileType = sourcecode.swift; path = Auth.swift; sourceTree = "<group>"; };
		2356035D250EA88B008142D8 /* PostView.swift */ = {isa = PBXFileReference; lastKnownFileType = sourcecode.swift; path = PostView.swift; sourceTree = "<group>"; };
		2356035F250EA8D3008142D8 /* Post.swift */ = {isa = PBXFileReference; lastKnownFileType = sourcecode.swift; path = Post.swift; sourceTree = "<group>"; };
		23560362250EA91B008142D8 /* LikeListener.swift */ = {isa = PBXFileReference; lastKnownFileType = sourcecode.swift; path = LikeListener.swift; sourceTree = "<group>"; };
		23560364250EA9B5008142D8 /* extensions.swift */ = {isa = PBXFileReference; lastKnownFileType = sourcecode.swift; path = extensions.swift; sourceTree = "<group>"; };
		23560367250EAC10008142D8 /* submit-snippet.swift */ = {isa = PBXFileReference; lastKnownFileType = sourcecode.swift; path = "submit-snippet.swift"; sourceTree = "<group>"; };
		2370A6E6251A9E4C00F8A030 /* activity.swift */ = {isa = PBXFileReference; lastKnownFileType = sourcecode.swift; path = activity.swift; sourceTree = "<group>"; };
		2370A6EE251ADBE000F8A030 /* activity-service.swift */ = {isa = PBXFileReference; lastKnownFileType = sourcecode.swift; path = "activity-service.swift"; sourceTree = "<group>"; };
		2370A6F6251B81A500F8A030 /* ProfileEditor.swift */ = {isa = PBXFileReference; lastKnownFileType = sourcecode.swift; path = ProfileEditor.swift; sourceTree = "<group>"; };
		2370A6FB251B829B00F8A030 /* ProfileSettingsView.swift */ = {isa = PBXFileReference; lastKnownFileType = sourcecode.swift; path = ProfileSettingsView.swift; sourceTree = "<group>"; };
		2370A769251CD50F00F8A030 /* HighlightJSView.swift */ = {isa = PBXFileReference; lastKnownFileType = sourcecode.swift; path = HighlightJSView.swift; sourceTree = "<group>"; };
		239AAFDD24EDD1EC00FD8B2B /* HomeView.swift */ = {isa = PBXFileReference; lastKnownFileType = sourcecode.swift; path = HomeView.swift; sourceTree = "<group>"; };
		23BE563924FEBAC500DBFF5C /* TabNavigationView.swift */ = {isa = PBXFileReference; lastKnownFileType = sourcecode.swift; path = TabNavigationView.swift; sourceTree = "<group>"; };
		23BE563B24FED99C00DBFF5C /* CodeEditor.swift */ = {isa = PBXFileReference; lastKnownFileType = sourcecode.swift; path = CodeEditor.swift; sourceTree = "<group>"; };
		23BE563D25000D0B00DBFF5C /* PostEditor.swift */ = {isa = PBXFileReference; lastKnownFileType = sourcecode.swift; path = PostEditor.swift; sourceTree = "<group>"; };
		23BED3F3252216AB008A0FA9 /* dist */ = {isa = PBXFileReference; lastKnownFileType = folder; name = dist; path = ../../highlightJS/dist; sourceTree = "<group>"; };
		23BED3FD25224881008A0FA9 /* Theme.swift */ = {isa = PBXFileReference; lastKnownFileType = sourcecode.swift; path = Theme.swift; sourceTree = "<group>"; };
		23BED40C25224A4E008A0FA9 /* highlightr */ = {isa = PBXFileReference; lastKnownFileType = folder; name = highlightr; path = "../../../Downloads/Highlightr-master/Pod/highlightr"; sourceTree = "<group>"; };
		23C227C9252CCB9300079F3F /* BrowseView.swift */ = {isa = PBXFileReference; lastKnownFileType = sourcecode.swift; path = BrowseView.swift; sourceTree = "<group>"; };
		23C227CE252CE60200079F3F /* SCNCodeEditor.swift */ = {isa = PBXFileReference; lastKnownFileType = sourcecode.swift; path = SCNCodeEditor.swift; sourceTree = "<group>"; };
		23CDAA492511185E00258473 /* elastic.swift */ = {isa = PBXFileReference; lastKnownFileType = sourcecode.swift; path = elastic.swift; sourceTree = "<group>"; };
		23CDAA4C2511722800258473 /* AuthenticationView.swift */ = {isa = PBXFileReference; lastKnownFileType = sourcecode.swift; path = AuthenticationView.swift; sourceTree = "<group>"; };
		23CDAA50251249F300258473 /* SignUpView.swift */ = {isa = PBXFileReference; lastKnownFileType = sourcecode.swift; path = SignUpView.swift; sourceTree = "<group>"; };
		23CDAA522512549A00258473 /* EnhancedTextField.swift */ = {isa = PBXFileReference; lastKnownFileType = sourcecode.swift; path = EnhancedTextField.swift; sourceTree = "<group>"; };
		23CDAA542512654300258473 /* CreatePasswordView.swift */ = {isa = PBXFileReference; lastKnownFileType = sourcecode.swift; path = CreatePasswordView.swift; sourceTree = "<group>"; };
		23CDAA562512A3E500258473 /* EnterNameView.swift */ = {isa = PBXFileReference; lastKnownFileType = sourcecode.swift; path = EnterNameView.swift; sourceTree = "<group>"; };
		23DE86D5251535FD0022108F /* ShareViewController.swift */ = {isa = PBXFileReference; lastKnownFileType = sourcecode.swift; path = ShareViewController.swift; sourceTree = "<group>"; };
		23E6CB192512DB650084C966 /* authentication.swift */ = {isa = PBXFileReference; lastKnownFileType = sourcecode.swift; path = authentication.swift; sourceTree = "<group>"; };
		23E6CB1B2512E38C0084C966 /* CreateUsernameView.swift */ = {isa = PBXFileReference; lastKnownFileType = sourcecode.swift; path = CreateUsernameView.swift; sourceTree = "<group>"; };
		23E6CB1D2512EF320084C966 /* AvatarUploadView.swift */ = {isa = PBXFileReference; lastKnownFileType = sourcecode.swift; path = AvatarUploadView.swift; sourceTree = "<group>"; };
		23E6CB1F2512F1FD0084C966 /* ImagePicker.swift */ = {isa = PBXFileReference; lastKnownFileType = sourcecode.swift; path = ImagePicker.swift; sourceTree = "<group>"; };
		23EA6ADA24F5949200E275F1 /* EditorView.swift */ = {isa = PBXFileReference; lastKnownFileType = sourcecode.swift; path = EditorView.swift; sourceTree = "<group>"; };
		23EA6ADF24F6002700E275F1 /* WebView.swift */ = {isa = PBXFileReference; lastKnownFileType = sourcecode.swift; path = WebView.swift; sourceTree = "<group>"; };
		23F6EA3C2513BBED00D7FC5F /* GitHubView.swift */ = {isa = PBXFileReference; lastKnownFileType = sourcecode.swift; path = GitHubView.swift; sourceTree = "<group>"; };
		23F6EA442513BD5C00D7FC5F /* SuggestLoginView.swift */ = {isa = PBXFileReference; lastKnownFileType = sourcecode.swift; path = SuggestLoginView.swift; sourceTree = "<group>"; };
		23F6EA4A2513BDD800D7FC5F /* OAuthProviderData.swift */ = {isa = PBXFileReference; lastKnownFileType = sourcecode.swift; path = OAuthProviderData.swift; sourceTree = "<group>"; };
		23F6EA582513D0CC00D7FC5F /* FacebookView.swift */ = {isa = PBXFileReference; lastKnownFileType = sourcecode.swift; path = FacebookView.swift; sourceTree = "<group>"; };
		23F6EC9125142D8E00D7FC5F /* CreateUserStore.swift */ = {isa = PBXFileReference; lastKnownFileType = sourcecode.swift; path = CreateUserStore.swift; sourceTree = "<group>"; };
		23F6EC9A2514FEA300D7FC5F /* AddFriendsView.swift */ = {isa = PBXFileReference; lastKnownFileType = sourcecode.swift; path = AddFriendsView.swift; sourceTree = "<group>"; };
		23FFEFF324EEB3F6007CF1F4 /* ExploreView.swift */ = {isa = PBXFileReference; lastKnownFileType = sourcecode.swift; path = ExploreView.swift; sourceTree = "<group>"; };
		23FFEFF524EEB407007CF1F4 /* ProfileView.swift */ = {isa = PBXFileReference; lastKnownFileType = sourcecode.swift; path = ProfileView.swift; sourceTree = "<group>"; };
		23FFEFF724EEB802007CF1F4 /* FeedView.swift */ = {isa = PBXFileReference; lastKnownFileType = sourcecode.swift; path = FeedView.swift; sourceTree = "<group>"; };
		23FFEFF924EEC645007CF1F4 /* AsyncImage.swift */ = {isa = PBXFileReference; lastKnownFileType = sourcecode.swift; path = AsyncImage.swift; sourceTree = "<group>"; };
		E7B6E5B05B82DDB7AC5BB9CE /* Pods-Boast.release.xcconfig */ = {isa = PBXFileReference; includeInIndex = 1; lastKnownFileType = text.xcconfig; name = "Pods-Boast.release.xcconfig"; path = "Target Support Files/Pods-Boast/Pods-Boast.release.xcconfig"; sourceTree = "<group>"; };
		F930E7685B3EC0A57B277551 /* Pods_Boast.framework */ = {isa = PBXFileReference; explicitFileType = wrapper.framework; includeInIndex = 0; path = Pods_Boast.framework; sourceTree = BUILT_PRODUCTS_DIR; };
/* End PBXFileReference section */

/* Begin PBXFrameworksBuildPhase section */
		2319055724ECBA4500939FE3 /* Frameworks */ = {
			isa = PBXFrameworksBuildPhase;
			buildActionMask = 2147483647;
			files = (
				23F6EAE82513EF4A00D7FC5F /* FacebookLogin in Frameworks */,
				23F6EAEA2513EF4A00D7FC5F /* FacebookCore in Frameworks */,
				23EA6ADE24F5C14F00E275F1 /* PartialSheet in Frameworks */,
				2370A760251C2E4C00F8A030 /* Splash in Frameworks */,
				23086D2A25080C910029A9C2 /* SwiftyJSON in Frameworks */,
				23EA6AD924F4AF2D00E275F1 /* SwiftlySearch in Frameworks */,
				23C227D5252F534000079F3F /* SwiftUIPager in Frameworks */,
				1E79B5F112D2F396CFF077F1 /* Pods_Boast.framework in Frameworks */,
			);
			runOnlyForDeploymentPostprocessing = 0;
		};
		2319056824ECBA4700939FE3 /* Frameworks */ = {
			isa = PBXFrameworksBuildPhase;
			buildActionMask = 2147483647;
			files = (
			);
			runOnlyForDeploymentPostprocessing = 0;
		};
		2319057324ECBA4700939FE3 /* Frameworks */ = {
			isa = PBXFrameworksBuildPhase;
			buildActionMask = 2147483647;
			files = (
			);
			runOnlyForDeploymentPostprocessing = 0;
		};
/* End PBXFrameworksBuildPhase section */

/* Begin PBXGroup section */
		06714B1C9E54BECF70792D38 /* Pods */ = {
			isa = PBXGroup;
			children = (
				0FDEE6E3B7FD123E295B8790 /* Pods-Boast.debug.xcconfig */,
				E7B6E5B05B82DDB7AC5BB9CE /* Pods-Boast.release.xcconfig */,
			);
			path = Pods;
			sourceTree = "<group>";
		};
		2319055124ECBA4500939FE3 = {
			isa = PBXGroup;
			children = (
				23BED40C25224A4E008A0FA9 /* highlightr */,
				23BED3F3252216AB008A0FA9 /* dist */,
				2319055C24ECBA4500939FE3 /* Boast */,
				2319055D24ECBA4500939FE3 /* BoastApp.swift */,
				231DF7AB24F8518C001221BC /* constants.swift */,
				23560364250EA9B5008142D8 /* extensions.swift */,
				2319056E24ECBA4700939FE3 /* BoastTests */,
				2319057924ECBA4700939FE3 /* BoastUITests */,
				2319055B24ECBA4500939FE3 /* Products */,
				06714B1C9E54BECF70792D38 /* Pods */,
				A20202E11ED0D6462ADA8D54 /* Frameworks */,
			);
			sourceTree = "<group>";
		};
		2319055B24ECBA4500939FE3 /* Products */ = {
			isa = PBXGroup;
			children = (
				2319055A24ECBA4500939FE3 /* Boast.app */,
				2319056B24ECBA4700939FE3 /* BoastTests.xctest */,
				2319057624ECBA4700939FE3 /* BoastUITests.xctest */,
			);
			name = Products;
			sourceTree = "<group>";
		};
		2319055C24ECBA4500939FE3 /* Boast */ = {
			isa = PBXGroup;
			children = (
				23511ED02519A286003DAE0C /* Boast.entitlements */,
				2319056124ECBA4700939FE3 /* Assets.xcassets */,
				23272A9125AB99ED0036C859 /* GoogleService-Info.plist */,
				2319056624ECBA4700939FE3 /* Info.plist */,
				23560354250EA693008142D8 /* environment-objects */,
				23560340250E9D42008142D8 /* models */,
				2356033E250E9C9A008142D8 /* services */,
				2356033F250E9D2A008142D8 /* views */,
				2319056324ECBA4700939FE3 /* Preview Content */,
			);
			path = Boast;
			sourceTree = "<group>";
		};
		2319056324ECBA4700939FE3 /* Preview Content */ = {
			isa = PBXGroup;
			children = (
				2319056424ECBA4700939FE3 /* Preview Assets.xcassets */,
			);
			path = "Preview Content";
			sourceTree = "<group>";
		};
		2319056E24ECBA4700939FE3 /* BoastTests */ = {
			isa = PBXGroup;
			children = (
				2319056F24ECBA4700939FE3 /* BoastTests.swift */,
				2319057124ECBA4700939FE3 /* Info.plist */,
			);
			path = BoastTests;
			sourceTree = "<group>";
		};
		2319057924ECBA4700939FE3 /* BoastUITests */ = {
			isa = PBXGroup;
			children = (
				2319057A24ECBA4700939FE3 /* BoastUITests.swift */,
				2319057C24ECBA4700939FE3 /* Info.plist */,
			);
			path = BoastUITests;
			sourceTree = "<group>";
		};
		232ADB76250EB5D3004406F3 /* comment-listener */ = {
			isa = PBXGroup;
			children = (
				232ADB77250EB5E8004406F3 /* CommentListener.swift */,
			);
			path = "comment-listener";
			sourceTree = "<group>";
		};
		232ADB79250EB704004406F3 /* comment */ = {
			isa = PBXGroup;
			children = (
				232ADB7A250EB70F004406F3 /* CommentData.swift */,
			);
			path = comment;
			sourceTree = "<group>";
		};
		2332E9222537810F009C81F5 /* keyboards */ = {
			isa = PBXGroup;
			children = (
				2332E92325378131009C81F5 /* languages.swift */,
				2332E92B2537813D009C81F5 /* themes.swift */,
				2332E93025378147009C81F5 /* settings.swift */,
			);
			path = keyboards;
			sourceTree = "<group>";
		};
		23511E642518F35F003DAE0C /* user */ = {
			isa = PBXGroup;
			children = (
				23511E652518F36D003DAE0C /* user.swift */,
			);
			path = user;
			sourceTree = "<group>";
		};
		23511E7225193D71003DAE0C /* follow-listener */ = {
			isa = PBXGroup;
			children = (
				23511E7325193D88003DAE0C /* FollowListener.swift */,
			);
			path = "follow-listener";
			sourceTree = "<group>";
		};
		2356033E250E9C9A008142D8 /* services */ = {
			isa = PBXGroup;
			children = (
				23511E7225193D71003DAE0C /* follow-listener */,
				232ADB76250EB5D3004406F3 /* comment-listener */,
				23560361250EA907008142D8 /* like-listener */,
				23560367250EAC10008142D8 /* submit-snippet.swift */,
				232ADB74250EB113004406F3 /* comments.swift */,
				23CDAA492511185E00258473 /* elastic.swift */,
				23E6CB192512DB650084C966 /* authentication.swift */,
				2370A6EE251ADBE000F8A030 /* activity-service.swift */,
				234731EF25277C7900B7DAF1 /* likes.swift */,
			);
			path = services;
			sourceTree = "<group>";
		};
		2356033F250E9D2A008142D8 /* views */ = {
			isa = PBXGroup;
			children = (
				23560346250E9E3F008142D8 /* activity */,
				23560349250E9E61008142D8 /* code-editor */,
				23560342250E9DE0008142D8 /* comments */,
				23560348250E9E56008142D8 /* explore */,
				23560347250E9E4A008142D8 /* feed */,
				23560345250E9E36008142D8 /* home */,
				2332E9222537810F009C81F5 /* keyboards */,
				23560343250E9E10008142D8 /* login */,
				23560344250E9E22008142D8 /* navigation */,
				2356035C250EA878008142D8 /* post */,
				2356034B250E9EB9008142D8 /* profile */,
				23560341250E9DCE008142D8 /* root */,
				2356034E250EA46F008142D8 /* search */,
				2356034D250E9F1F008142D8 /* shared */,
				2356034A250E9E8D008142D8 /* submit-snippet */,
				2356034C250E9ED9008142D8 /* wkweb */,
			);
			path = views;
			sourceTree = "<group>";
		};
		23560340250E9D42008142D8 /* models */ = {
			isa = PBXGroup;
			children = (
				2370A6E5251A9E3D00F8A030 /* activity */,
				23511E642518F35F003DAE0C /* user */,
				23F6EA492513BDCC00D7FC5F /* oauth */,
				232ADB79250EB704004406F3 /* comment */,
				2356034F250EA4A8008142D8 /* post */,
			);
			path = models;
			sourceTree = "<group>";
		};
		23560341250E9DCE008142D8 /* root */ = {
			isa = PBXGroup;
			children = (
				231DF7A924F8255F001221BC /* RootView.swift */,
			);
			path = root;
			sourceTree = "<group>";
		};
		23560342250E9DE0008142D8 /* comments */ = {
			isa = PBXGroup;
			children = (
				231F9937250DA92600B2A288 /* CommentsView.swift */,
				2356033C250E7973008142D8 /* CommentTextEditor.swift */,
				231F9939250DC2D400B2A288 /* CommentBar.swift */,
			);
			path = comments;
			sourceTree = "<group>";
		};
		23560343250E9E10008142D8 /* login */ = {
			isa = PBXGroup;
			children = (
				23F6EA3B2513BBC500D7FC5F /* providers */,
				23CDAA4C2511722800258473 /* AuthenticationView.swift */,
				23CDAA50251249F300258473 /* SignUpView.swift */,
				23F6EA442513BD5C00D7FC5F /* SuggestLoginView.swift */,
				23CDAA542512654300258473 /* CreatePasswordView.swift */,
				23E6CB1B2512E38C0084C966 /* CreateUsernameView.swift */,
				23CDAA562512A3E500258473 /* EnterNameView.swift */,
				23E6CB1D2512EF320084C966 /* AvatarUploadView.swift */,
			);
			path = login;
			sourceTree = "<group>";
		};
		23560344250E9E22008142D8 /* navigation */ = {
			isa = PBXGroup;
			children = (
				23BE563924FEBAC500DBFF5C /* TabNavigationView.swift */,
			);
			path = navigation;
			sourceTree = "<group>";
		};
		23560345250E9E36008142D8 /* home */ = {
			isa = PBXGroup;
			children = (
				239AAFDD24EDD1EC00FD8B2B /* HomeView.swift */,
			);
			path = home;
			sourceTree = "<group>";
		};
		23560346250E9E3F008142D8 /* activity */ = {
			isa = PBXGroup;
			children = (
				23086D262508065B0029A9C2 /* ActivityView.swift */,
			);
			path = activity;
			sourceTree = "<group>";
		};
		23560347250E9E4A008142D8 /* feed */ = {
			isa = PBXGroup;
			children = (
				23F6EC9A2514FEA300D7FC5F /* AddFriendsView.swift */,
				23FFEFF724EEB802007CF1F4 /* FeedView.swift */,
			);
			path = feed;
			sourceTree = "<group>";
		};
		23560348250E9E56008142D8 /* explore */ = {
			isa = PBXGroup;
			children = (
				23FFEFF324EEB3F6007CF1F4 /* ExploreView.swift */,
				23C227C9252CCB9300079F3F /* BrowseView.swift */,
			);
			path = explore;
			sourceTree = "<group>";
		};
		23560349250E9E61008142D8 /* code-editor */ = {
			isa = PBXGroup;
			children = (
				231DF7AD24F94430001221BC /* AccessoryBar.swift */,
				23BE563B24FED99C00DBFF5C /* CodeEditor.swift */,
				23EA6ADA24F5949200E275F1 /* EditorView.swift */,
				2370A769251CD50F00F8A030 /* HighlightJSView.swift */,
				2347321B2527B0BE00B7DAF1 /* CACodeEditor.swift */,
				23C227CE252CE60200079F3F /* SCNCodeEditor.swift */,
				23BED3FD25224881008A0FA9 /* Theme.swift */,
			);
			path = "code-editor";
			sourceTree = "<group>";
		};
		2356034A250E9E8D008142D8 /* submit-snippet */ = {
			isa = PBXGroup;
			children = (
				23BE563D25000D0B00DBFF5C /* PostEditor.swift */,
			);
			path = "submit-snippet";
			sourceTree = "<group>";
		};
		2356034B250E9EB9008142D8 /* profile */ = {
			isa = PBXGroup;
			children = (
				23FFEFF524EEB407007CF1F4 /* ProfileView.swift */,
				2370A6FB251B829B00F8A030 /* ProfileSettingsView.swift */,
				23511E6A25193CDB003DAE0C /* FollowButton.swift */,
				2370A6F6251B81A500F8A030 /* ProfileEditor.swift */,
			);
			path = profile;
			sourceTree = "<group>";
		};
		2356034C250E9ED9008142D8 /* wkweb */ = {
			isa = PBXGroup;
			children = (
				23EA6ADF24F6002700E275F1 /* WebView.swift */,
			);
			path = wkweb;
			sourceTree = "<group>";
		};
		2356034D250E9F1F008142D8 /* shared */ = {
			isa = PBXGroup;
			children = (
				23295AFF24F43A0D00C976B0 /* AvatarIcon.swift */,
				23295AFD24F4255900C976B0 /* BlurView.swift */,
				23FFEFF924EEC645007CF1F4 /* AsyncImage.swift */,
				23295AFB24F40E7900C976B0 /* SearchBar.swift */,
				23CDAA522512549A00258473 /* EnhancedTextField.swift */,
				23E6CB1F2512F1FD0084C966 /* ImagePicker.swift */,
				23DE86D5251535FD0022108F /* ShareViewController.swift */,
			);
			path = shared;
			sourceTree = "<group>";
		};
		2356034E250EA46F008142D8 /* search */ = {
			isa = PBXGroup;
			children = (
				231F9933250BEE2C00B2A288 /* SearchResults.swift */,
				23560350250EA50B008142D8 /* SearchView.swift */,
			);
			path = search;
			sourceTree = "<group>";
		};
		2356034F250EA4A8008142D8 /* post */ = {
			isa = PBXGroup;
			children = (
				23560352250EA588008142D8 /* PostData.swift */,
			);
			path = post;
			sourceTree = "<group>";
		};
		23560354250EA693008142D8 /* environment-objects */ = {
			isa = PBXGroup;
			children = (
				23F6EC9025142D7900D7FC5F /* create-user */,
				23560357250EA78E008142D8 /* auth */,
				23560356250EA789008142D8 /* store */,
			);
			path = "environment-objects";
			sourceTree = "<group>";
		};
		23560356250EA789008142D8 /* store */ = {
			isa = PBXGroup;
			children = (
				23560358250EA79D008142D8 /* Store.swift */,
			);
			path = store;
			sourceTree = "<group>";
		};
		23560357250EA78E008142D8 /* auth */ = {
			isa = PBXGroup;
			children = (
				2356035A250EA7FB008142D8 /* Auth.swift */,
			);
			path = auth;
			sourceTree = "<group>";
		};
		2356035C250EA878008142D8 /* post */ = {
			isa = PBXGroup;
			children = (
				2356035D250EA88B008142D8 /* PostView.swift */,
				2356035F250EA8D3008142D8 /* Post.swift */,
			);
			path = post;
			sourceTree = "<group>";
		};
		23560361250EA907008142D8 /* like-listener */ = {
			isa = PBXGroup;
			children = (
				23560362250EA91B008142D8 /* LikeListener.swift */,
			);
			path = "like-listener";
			sourceTree = "<group>";
		};
		2370A6E5251A9E3D00F8A030 /* activity */ = {
			isa = PBXGroup;
			children = (
				2370A6E6251A9E4C00F8A030 /* activity.swift */,
			);
			path = activity;
			sourceTree = "<group>";
		};
		23F6EA3B2513BBC500D7FC5F /* providers */ = {
			isa = PBXGroup;
			children = (
				23F6EA3C2513BBED00D7FC5F /* GitHubView.swift */,
				23F6EA582513D0CC00D7FC5F /* FacebookView.swift */,
			);
			path = providers;
			sourceTree = "<group>";
		};
		23F6EA492513BDCC00D7FC5F /* oauth */ = {
			isa = PBXGroup;
			children = (
				23F6EA4A2513BDD800D7FC5F /* OAuthProviderData.swift */,
			);
			path = oauth;
			sourceTree = "<group>";
		};
		23F6EC9025142D7900D7FC5F /* create-user */ = {
			isa = PBXGroup;
			children = (
				23F6EC9125142D8E00D7FC5F /* CreateUserStore.swift */,
			);
			path = "create-user";
			sourceTree = "<group>";
		};
		A20202E11ED0D6462ADA8D54 /* Frameworks */ = {
			isa = PBXGroup;
			children = (
				F930E7685B3EC0A57B277551 /* Pods_Boast.framework */,
			);
			name = Frameworks;
			sourceTree = "<group>";
		};
/* End PBXGroup section */

/* Begin PBXNativeTarget section */
		2319055924ECBA4500939FE3 /* Boast */ = {
			isa = PBXNativeTarget;
			buildConfigurationList = 2319057F24ECBA4700939FE3 /* Build configuration list for PBXNativeTarget "Boast" */;
			buildPhases = (
				9AF25CEC075E02AA0F4888FB /* [CP] Check Pods Manifest.lock */,
				2319055624ECBA4500939FE3 /* Sources */,
				2319055724ECBA4500939FE3 /* Frameworks */,
				2319055824ECBA4500939FE3 /* Resources */,
				D67E7AF835E77E1799D7FD58 /* [CP] Embed Pods Frameworks */,
				FC095855F734BA4B5F4FFB37 /* [CP] Copy Pods Resources */,
			);
			buildRules = (
			);
			dependencies = (
			);
			name = Boast;
			packageProductDependencies = (
				23EA6AD824F4AF2D00E275F1 /* SwiftlySearch */,
				23EA6ADD24F5C14F00E275F1 /* PartialSheet */,
				23086D2925080C910029A9C2 /* SwiftyJSON */,
				23F6EAE72513EF4A00D7FC5F /* FacebookLogin */,
				23F6EAE92513EF4A00D7FC5F /* FacebookCore */,
				2370A75F251C2E4C00F8A030 /* Splash */,
				23C227D4252F534000079F3F /* SwiftUIPager */,
			);
			productName = Boast;
			productReference = 2319055A24ECBA4500939FE3 /* Boast.app */;
			productType = "com.apple.product-type.application";
		};
		2319056A24ECBA4700939FE3 /* BoastTests */ = {
			isa = PBXNativeTarget;
			buildConfigurationList = 2319058224ECBA4700939FE3 /* Build configuration list for PBXNativeTarget "BoastTests" */;
			buildPhases = (
				2319056724ECBA4700939FE3 /* Sources */,
				2319056824ECBA4700939FE3 /* Frameworks */,
				2319056924ECBA4700939FE3 /* Resources */,
			);
			buildRules = (
			);
			dependencies = (
				2319056D24ECBA4700939FE3 /* PBXTargetDependency */,
			);
			name = BoastTests;
			productName = BoastTests;
			productReference = 2319056B24ECBA4700939FE3 /* BoastTests.xctest */;
			productType = "com.apple.product-type.bundle.unit-test";
		};
		2319057524ECBA4700939FE3 /* BoastUITests */ = {
			isa = PBXNativeTarget;
			buildConfigurationList = 2319058524ECBA4700939FE3 /* Build configuration list for PBXNativeTarget "BoastUITests" */;
			buildPhases = (
				2319057224ECBA4700939FE3 /* Sources */,
				2319057324ECBA4700939FE3 /* Frameworks */,
				2319057424ECBA4700939FE3 /* Resources */,
			);
			buildRules = (
			);
			dependencies = (
				2319057824ECBA4700939FE3 /* PBXTargetDependency */,
			);
			name = BoastUITests;
			productName = BoastUITests;
			productReference = 2319057624ECBA4700939FE3 /* BoastUITests.xctest */;
			productType = "com.apple.product-type.bundle.ui-testing";
		};
/* End PBXNativeTarget section */

/* Begin PBXProject section */
		2319055224ECBA4500939FE3 /* Project object */ = {
			isa = PBXProject;
			attributes = {
				LastSwiftUpdateCheck = 1200;
				LastUpgradeCheck = 1200;
				TargetAttributes = {
					2319055924ECBA4500939FE3 = {
						CreatedOnToolsVersion = 12.0;
					};
					2319056A24ECBA4700939FE3 = {
						CreatedOnToolsVersion = 12.0;
						TestTargetID = 2319055924ECBA4500939FE3;
					};
					2319057524ECBA4700939FE3 = {
						CreatedOnToolsVersion = 12.0;
						TestTargetID = 2319055924ECBA4500939FE3;
					};
				};
			};
			buildConfigurationList = 2319055524ECBA4500939FE3 /* Build configuration list for PBXProject "Boast" */;
			compatibilityVersion = "Xcode 9.3";
			developmentRegion = en;
			hasScannedForEncodings = 0;
			knownRegions = (
				en,
				Base,
			);
			mainGroup = 2319055124ECBA4500939FE3;
			packageReferences = (
				23EA6AD724F4AF2D00E275F1 /* XCRemoteSwiftPackageReference "SwiftlySearch" */,
				23EA6ADC24F5C14F00E275F1 /* XCRemoteSwiftPackageReference "PartialSheet" */,
				23086D2825080C910029A9C2 /* XCRemoteSwiftPackageReference "SwiftyJSON" */,
				23F6EAE62513EF4A00D7FC5F /* XCRemoteSwiftPackageReference "facebook-ios-sdk" */,
				2370A75E251C2E4C00F8A030 /* XCRemoteSwiftPackageReference "Splash" */,
				23C227D3252F534000079F3F /* XCRemoteSwiftPackageReference "SwiftUIPager" */,
			);
			productRefGroup = 2319055B24ECBA4500939FE3 /* Products */;
			projectDirPath = "";
			projectRoot = "";
			targets = (
				2319055924ECBA4500939FE3 /* Boast */,
				2319056A24ECBA4700939FE3 /* BoastTests */,
				2319057524ECBA4700939FE3 /* BoastUITests */,
			);
		};
/* End PBXProject section */

/* Begin PBXResourcesBuildPhase section */
		2319055824ECBA4500939FE3 /* Resources */ = {
			isa = PBXResourcesBuildPhase;
			buildActionMask = 2147483647;
			files = (
				2319056524ECBA4700939FE3 /* Preview Assets.xcassets in Resources */,
				23272A9225AB99ED0036C859 /* GoogleService-Info.plist in Resources */,
				23BED3F4252216AB008A0FA9 /* dist in Resources */,
				2319056224ECBA4700939FE3 /* Assets.xcassets in Resources */,
				23BED40D25224A4E008A0FA9 /* highlightr in Resources */,
			);
			runOnlyForDeploymentPostprocessing = 0;
		};
		2319056924ECBA4700939FE3 /* Resources */ = {
			isa = PBXResourcesBuildPhase;
			buildActionMask = 2147483647;
			files = (
			);
			runOnlyForDeploymentPostprocessing = 0;
		};
		2319057424ECBA4700939FE3 /* Resources */ = {
			isa = PBXResourcesBuildPhase;
			buildActionMask = 2147483647;
			files = (
			);
			runOnlyForDeploymentPostprocessing = 0;
		};
/* End PBXResourcesBuildPhase section */

/* Begin PBXShellScriptBuildPhase section */
		9AF25CEC075E02AA0F4888FB /* [CP] Check Pods Manifest.lock */ = {
			isa = PBXShellScriptBuildPhase;
			buildActionMask = 2147483647;
			files = (
			);
			inputFileListPaths = (
			);
			inputPaths = (
				"${PODS_PODFILE_DIR_PATH}/Podfile.lock",
				"${PODS_ROOT}/Manifest.lock",
			);
			name = "[CP] Check Pods Manifest.lock";
			outputFileListPaths = (
			);
			outputPaths = (
				"$(DERIVED_FILE_DIR)/Pods-Boast-checkManifestLockResult.txt",
			);
			runOnlyForDeploymentPostprocessing = 0;
			shellPath = /bin/sh;
			shellScript = "diff \"${PODS_PODFILE_DIR_PATH}/Podfile.lock\" \"${PODS_ROOT}/Manifest.lock\" > /dev/null\nif [ $? != 0 ] ; then\n    # print error to STDERR\n    echo \"error: The sandbox is not in sync with the Podfile.lock. Run 'pod install' or update your CocoaPods installation.\" >&2\n    exit 1\nfi\n# This output is used by Xcode 'outputs' to avoid re-running this script phase.\necho \"SUCCESS\" > \"${SCRIPT_OUTPUT_FILE_0}\"\n";
			showEnvVarsInLog = 0;
		};
		D67E7AF835E77E1799D7FD58 /* [CP] Embed Pods Frameworks */ = {
			isa = PBXShellScriptBuildPhase;
			buildActionMask = 2147483647;
			files = (
			);
			inputFileListPaths = (
				"${PODS_ROOT}/Target Support Files/Pods-Boast/Pods-Boast-frameworks-${CONFIGURATION}-input-files.xcfilelist",
			);
			name = "[CP] Embed Pods Frameworks";
			outputFileListPaths = (
				"${PODS_ROOT}/Target Support Files/Pods-Boast/Pods-Boast-frameworks-${CONFIGURATION}-output-files.xcfilelist",
			);
			runOnlyForDeploymentPostprocessing = 0;
			shellPath = /bin/sh;
			shellScript = "\"${PODS_ROOT}/Target Support Files/Pods-Boast/Pods-Boast-frameworks.sh\"\n";
			showEnvVarsInLog = 0;
		};
		FC095855F734BA4B5F4FFB37 /* [CP] Copy Pods Resources */ = {
			isa = PBXShellScriptBuildPhase;
			buildActionMask = 2147483647;
			files = (
			);
			inputFileListPaths = (
				"${PODS_ROOT}/Target Support Files/Pods-Boast/Pods-Boast-resources-${CONFIGURATION}-input-files.xcfilelist",
			);
			name = "[CP] Copy Pods Resources";
			outputFileListPaths = (
				"${PODS_ROOT}/Target Support Files/Pods-Boast/Pods-Boast-resources-${CONFIGURATION}-output-files.xcfilelist",
			);
			runOnlyForDeploymentPostprocessing = 0;
			shellPath = /bin/sh;
			shellScript = "\"${PODS_ROOT}/Target Support Files/Pods-Boast/Pods-Boast-resources.sh\"\n";
			showEnvVarsInLog = 0;
		};
/* End PBXShellScriptBuildPhase section */

/* Begin PBXSourcesBuildPhase section */
		2319055624ECBA4500939FE3 /* Sources */ = {
			isa = PBXSourcesBuildPhase;
			buildActionMask = 2147483647;
			files = (
				23F6EA4B2513BDD800D7FC5F /* OAuthProviderData.swift in Sources */,
				231F9934250BEE2C00B2A288 /* SearchResults.swift in Sources */,
				234731F025277C7900B7DAF1 /* likes.swift in Sources */,
				23CDAA552512654300258473 /* CreatePasswordView.swift in Sources */,
				23CDAA532512549A00258473 /* EnhancedTextField.swift in Sources */,
				232ADB7B250EB70F004406F3 /* CommentData.swift in Sources */,
				23295AFC24F40E7900C976B0 /* SearchBar.swift in Sources */,
				23295AFE24F4255900C976B0 /* BlurView.swift in Sources */,
				23560359250EA79D008142D8 /* Store.swift in Sources */,
				2370A6EF251ADBE000F8A030 /* activity-service.swift in Sources */,
				23E6CB1A2512DB650084C966 /* authentication.swift in Sources */,
				23BE563A24FEBAC500DBFF5C /* TabNavigationView.swift in Sources */,
				23F6EA592513D0CC00D7FC5F /* FacebookView.swift in Sources */,
				23EA6AE024F6002700E275F1 /* WebView.swift in Sources */,
				23FFEFF824EEB802007CF1F4 /* FeedView.swift in Sources */,
				231DF7AA24F8255F001221BC /* RootView.swift in Sources */,
				23FFEFF624EEB407007CF1F4 /* ProfileView.swift in Sources */,
				23E6CB202512F1FD0084C966 /* ImagePicker.swift in Sources */,
				23560360250EA8D3008142D8 /* Post.swift in Sources */,
				23560351250EA50B008142D8 /* SearchView.swift in Sources */,
				23CDAA4D2511722800258473 /* AuthenticationView.swift in Sources */,
				23511E6B25193CDB003DAE0C /* FollowButton.swift in Sources */,
				23511E662518F36D003DAE0C /* user.swift in Sources */,
				23CDAA572512A3E500258473 /* EnterNameView.swift in Sources */,
				2356035B250EA7FB008142D8 /* Auth.swift in Sources */,
				23F6EA3D2513BBED00D7FC5F /* GitHubView.swift in Sources */,
				23BE563E25000D0B00DBFF5C /* PostEditor.swift in Sources */,
				23BED3FE25224881008A0FA9 /* Theme.swift in Sources */,
				239AAFDE24EDD1EC00FD8B2B /* HomeView.swift in Sources */,
				2370A76A251CD50F00F8A030 /* HighlightJSView.swift in Sources */,
				231DF7AC24F8518C001221BC /* constants.swift in Sources */,
				23E6CB1C2512E38C0084C966 /* CreateUsernameView.swift in Sources */,
				23E6CB1E2512EF320084C966 /* AvatarUploadView.swift in Sources */,
				23086D272508065B0029A9C2 /* ActivityView.swift in Sources */,
				23560368250EAC10008142D8 /* submit-snippet.swift in Sources */,
				2370A6FC251B829B00F8A030 /* ProfileSettingsView.swift in Sources */,
				23560363250EA91B008142D8 /* LikeListener.swift in Sources */,
				23C227CA252CCB9300079F3F /* BrowseView.swift in Sources */,
				2332E92425378131009C81F5 /* languages.swift in Sources */,
				23511E7425193D88003DAE0C /* FollowListener.swift in Sources */,
				23DE86D6251535FD0022108F /* ShareViewController.swift in Sources */,
				232ADB75250EB113004406F3 /* comments.swift in Sources */,
				232ADB78250EB5E8004406F3 /* CommentListener.swift in Sources */,
				231F9938250DA92600B2A288 /* CommentsView.swift in Sources */,
				23295B0024F43A0D00C976B0 /* AvatarIcon.swift in Sources */,
				2370A6E7251A9E4C00F8A030 /* activity.swift in Sources */,
				2356035E250EA88B008142D8 /* PostView.swift in Sources */,
				2370A6F7251B81A500F8A030 /* ProfileEditor.swift in Sources */,
				2356033D250E7973008142D8 /* CommentTextEditor.swift in Sources */,
				2319055E24ECBA4500939FE3 /* BoastApp.swift in Sources */,
				23F6EC9225142D8E00D7FC5F /* CreateUserStore.swift in Sources */,
				23560353250EA588008142D8 /* PostData.swift in Sources */,
				2347321C2527B0BE00B7DAF1 /* CACodeEditor.swift in Sources */,
				23C227CF252CE60200079F3F /* SCNCodeEditor.swift in Sources */,
				23FFEFFA24EEC645007CF1F4 /* AsyncImage.swift in Sources */,
				23F6EA452513BD5C00D7FC5F /* SuggestLoginView.swift in Sources */,
				23EA6ADB24F5949200E275F1 /* EditorView.swift in Sources */,
				23F6EC9B2514FEA300D7FC5F /* AddFriendsView.swift in Sources */,
				23560365250EA9B5008142D8 /* extensions.swift in Sources */,
				2332E92C2537813D009C81F5 /* themes.swift in Sources */,
				23BE563C24FED99C00DBFF5C /* CodeEditor.swift in Sources */,
				23CDAA51251249F300258473 /* SignUpView.swift in Sources */,
				2332E93125378147009C81F5 /* settings.swift in Sources */,
				231F993A250DC2D400B2A288 /* CommentBar.swift in Sources */,
				231DF7AE24F94430001221BC /* AccessoryBar.swift in Sources */,
				23CDAA4A2511185E00258473 /* elastic.swift in Sources */,
				23FFEFF424EEB3F6007CF1F4 /* ExploreView.swift in Sources */,
			);
			runOnlyForDeploymentPostprocessing = 0;
		};
		2319056724ECBA4700939FE3 /* Sources */ = {
			isa = PBXSourcesBuildPhase;
			buildActionMask = 2147483647;
			files = (
				2319057024ECBA4700939FE3 /* BoastTests.swift in Sources */,
			);
			runOnlyForDeploymentPostprocessing = 0;
		};
		2319057224ECBA4700939FE3 /* Sources */ = {
			isa = PBXSourcesBuildPhase;
			buildActionMask = 2147483647;
			files = (
				2319057B24ECBA4700939FE3 /* BoastUITests.swift in Sources */,
			);
			runOnlyForDeploymentPostprocessing = 0;
		};
/* End PBXSourcesBuildPhase section */

/* Begin PBXTargetDependency section */
		2319056D24ECBA4700939FE3 /* PBXTargetDependency */ = {
			isa = PBXTargetDependency;
			target = 2319055924ECBA4500939FE3 /* Boast */;
			targetProxy = 2319056C24ECBA4700939FE3 /* PBXContainerItemProxy */;
		};
		2319057824ECBA4700939FE3 /* PBXTargetDependency */ = {
			isa = PBXTargetDependency;
			target = 2319055924ECBA4500939FE3 /* Boast */;
			targetProxy = 2319057724ECBA4700939FE3 /* PBXContainerItemProxy */;
		};
/* End PBXTargetDependency section */

/* Begin XCBuildConfiguration section */
		2319057D24ECBA4700939FE3 /* Debug */ = {
			isa = XCBuildConfiguration;
			buildSettings = {
				ALWAYS_SEARCH_USER_PATHS = NO;
				CLANG_ANALYZER_NONNULL = YES;
				CLANG_ANALYZER_NUMBER_OBJECT_CONVERSION = YES_AGGRESSIVE;
				CLANG_CXX_LANGUAGE_STANDARD = "gnu++14";
				CLANG_CXX_LIBRARY = "libc++";
				CLANG_ENABLE_MODULES = YES;
				CLANG_ENABLE_OBJC_ARC = YES;
				CLANG_ENABLE_OBJC_WEAK = YES;
				CLANG_WARN_BLOCK_CAPTURE_AUTORELEASING = YES;
				CLANG_WARN_BOOL_CONVERSION = YES;
				CLANG_WARN_COMMA = YES;
				CLANG_WARN_CONSTANT_CONVERSION = YES;
				CLANG_WARN_DEPRECATED_OBJC_IMPLEMENTATIONS = YES;
				CLANG_WARN_DIRECT_OBJC_ISA_USAGE = YES_ERROR;
				CLANG_WARN_DOCUMENTATION_COMMENTS = YES;
				CLANG_WARN_EMPTY_BODY = YES;
				CLANG_WARN_ENUM_CONVERSION = YES;
				CLANG_WARN_INFINITE_RECURSION = YES;
				CLANG_WARN_INT_CONVERSION = YES;
				CLANG_WARN_NON_LITERAL_NULL_CONVERSION = YES;
				CLANG_WARN_OBJC_IMPLICIT_RETAIN_SELF = YES;
				CLANG_WARN_OBJC_LITERAL_CONVERSION = YES;
				CLANG_WARN_OBJC_ROOT_CLASS = YES_ERROR;
				CLANG_WARN_QUOTED_INCLUDE_IN_FRAMEWORK_HEADER = YES;
				CLANG_WARN_RANGE_LOOP_ANALYSIS = YES;
				CLANG_WARN_STRICT_PROTOTYPES = YES;
				CLANG_WARN_SUSPICIOUS_MOVE = YES;
				CLANG_WARN_UNGUARDED_AVAILABILITY = YES_AGGRESSIVE;
				CLANG_WARN_UNREACHABLE_CODE = YES;
				CLANG_WARN__DUPLICATE_METHOD_MATCH = YES;
				COPY_PHASE_STRIP = NO;
				DEBUG_INFORMATION_FORMAT = dwarf;
				ENABLE_STRICT_OBJC_MSGSEND = YES;
				ENABLE_TESTABILITY = YES;
				EXCLUDED_ARCHS = "";
				GCC_C_LANGUAGE_STANDARD = gnu11;
				GCC_DYNAMIC_NO_PIC = NO;
				GCC_NO_COMMON_BLOCKS = YES;
				GCC_OPTIMIZATION_LEVEL = 0;
				GCC_PREPROCESSOR_DEFINITIONS = (
					"DEBUG=1",
					"$(inherited)",
				);
				GCC_WARN_64_TO_32_BIT_CONVERSION = YES;
				GCC_WARN_ABOUT_RETURN_TYPE = YES_ERROR;
				GCC_WARN_UNDECLARED_SELECTOR = YES;
				GCC_WARN_UNINITIALIZED_AUTOS = YES_AGGRESSIVE;
				GCC_WARN_UNUSED_FUNCTION = YES;
				GCC_WARN_UNUSED_VARIABLE = YES;
				IPHONEOS_DEPLOYMENT_TARGET = 14.0;
				MTL_ENABLE_DEBUG_INFO = INCLUDE_SOURCE;
				MTL_FAST_MATH = YES;
				ONLY_ACTIVE_ARCH = NO;
				SDKROOT = iphoneos;
				SWIFT_ACTIVE_COMPILATION_CONDITIONS = DEBUG;
				SWIFT_OPTIMIZATION_LEVEL = "-Onone";
			};
			name = Debug;
		};
		2319057E24ECBA4700939FE3 /* Release */ = {
			isa = XCBuildConfiguration;
			buildSettings = {
				ALWAYS_SEARCH_USER_PATHS = NO;
				CLANG_ANALYZER_NONNULL = YES;
				CLANG_ANALYZER_NUMBER_OBJECT_CONVERSION = YES_AGGRESSIVE;
				CLANG_CXX_LANGUAGE_STANDARD = "gnu++14";
				CLANG_CXX_LIBRARY = "libc++";
				CLANG_ENABLE_MODULES = YES;
				CLANG_ENABLE_OBJC_ARC = YES;
				CLANG_ENABLE_OBJC_WEAK = YES;
				CLANG_WARN_BLOCK_CAPTURE_AUTORELEASING = YES;
				CLANG_WARN_BOOL_CONVERSION = YES;
				CLANG_WARN_COMMA = YES;
				CLANG_WARN_CONSTANT_CONVERSION = YES;
				CLANG_WARN_DEPRECATED_OBJC_IMPLEMENTATIONS = YES;
				CLANG_WARN_DIRECT_OBJC_ISA_USAGE = YES_ERROR;
				CLANG_WARN_DOCUMENTATION_COMMENTS = YES;
				CLANG_WARN_EMPTY_BODY = YES;
				CLANG_WARN_ENUM_CONVERSION = YES;
				CLANG_WARN_INFINITE_RECURSION = YES;
				CLANG_WARN_INT_CONVERSION = YES;
				CLANG_WARN_NON_LITERAL_NULL_CONVERSION = YES;
				CLANG_WARN_OBJC_IMPLICIT_RETAIN_SELF = YES;
				CLANG_WARN_OBJC_LITERAL_CONVERSION = YES;
				CLANG_WARN_OBJC_ROOT_CLASS = YES_ERROR;
				CLANG_WARN_QUOTED_INCLUDE_IN_FRAMEWORK_HEADER = YES;
				CLANG_WARN_RANGE_LOOP_ANALYSIS = YES;
				CLANG_WARN_STRICT_PROTOTYPES = YES;
				CLANG_WARN_SUSPICIOUS_MOVE = YES;
				CLANG_WARN_UNGUARDED_AVAILABILITY = YES_AGGRESSIVE;
				CLANG_WARN_UNREACHABLE_CODE = YES;
				CLANG_WARN__DUPLICATE_METHOD_MATCH = YES;
				COPY_PHASE_STRIP = NO;
				DEBUG_INFORMATION_FORMAT = "dwarf-with-dsym";
				ENABLE_NS_ASSERTIONS = NO;
				ENABLE_STRICT_OBJC_MSGSEND = YES;
				EXCLUDED_ARCHS = "";
				GCC_C_LANGUAGE_STANDARD = gnu11;
				GCC_NO_COMMON_BLOCKS = YES;
				GCC_WARN_64_TO_32_BIT_CONVERSION = YES;
				GCC_WARN_ABOUT_RETURN_TYPE = YES_ERROR;
				GCC_WARN_UNDECLARED_SELECTOR = YES;
				GCC_WARN_UNINITIALIZED_AUTOS = YES_AGGRESSIVE;
				GCC_WARN_UNUSED_FUNCTION = YES;
				GCC_WARN_UNUSED_VARIABLE = YES;
				IPHONEOS_DEPLOYMENT_TARGET = 14.0;
				MTL_ENABLE_DEBUG_INFO = NO;
				MTL_FAST_MATH = YES;
				SDKROOT = iphoneos;
				SWIFT_COMPILATION_MODE = wholemodule;
				SWIFT_OPTIMIZATION_LEVEL = "-O";
				VALIDATE_PRODUCT = YES;
			};
			name = Release;
		};
		2319058024ECBA4700939FE3 /* Debug */ = {
			isa = XCBuildConfiguration;
			baseConfigurationReference = 0FDEE6E3B7FD123E295B8790 /* Pods-Boast.debug.xcconfig */;
			buildSettings = {
				ASSETCATALOG_COMPILER_APPICON_NAME = AppIcon;
				ASSETCATALOG_COMPILER_GLOBAL_ACCENT_COLOR_NAME = AccentColor;
				CODE_SIGN_ENTITLEMENTS = Boast/Boast.entitlements;
				CODE_SIGN_IDENTITY = "iPhone Developer";
				CODE_SIGN_STYLE = Manual;
				DEVELOPMENT_ASSET_PATHS = "\"Boast/Preview Content\"";
				DEVELOPMENT_TEAM = F2KRA7MMDR;
				ENABLE_PREVIEWS = YES;
				INFOPLIST_FILE = Boast/Info.plist;
				IPHONEOS_DEPLOYMENT_TARGET = 14.0;
				LD_RUNPATH_SEARCH_PATHS = (
					"$(inherited)",
					"@executable_path/Frameworks",
				);
				PRODUCT_BUNDLE_IDENTIFIER = keimig.Boast;
				PRODUCT_NAME = "$(TARGET_NAME)";
				PROVISIONING_PROFILE_SPECIFIER = BoastProfile;
				SWIFT_VERSION = 5.0;
				TARGETED_DEVICE_FAMILY = "1,2";
			};
			name = Debug;
		};
		2319058124ECBA4700939FE3 /* Release */ = {
			isa = XCBuildConfiguration;
			baseConfigurationReference = E7B6E5B05B82DDB7AC5BB9CE /* Pods-Boast.release.xcconfig */;
			buildSettings = {
				ASSETCATALOG_COMPILER_APPICON_NAME = AppIcon;
				ASSETCATALOG_COMPILER_GLOBAL_ACCENT_COLOR_NAME = AccentColor;
				CODE_SIGN_ENTITLEMENTS = Boast/Boast.entitlements;
				CODE_SIGN_IDENTITY = "iPhone Developer";
				CODE_SIGN_STYLE = Manual;
				DEVELOPMENT_ASSET_PATHS = "\"Boast/Preview Content\"";
				DEVELOPMENT_TEAM = F2KRA7MMDR;
				ENABLE_PREVIEWS = YES;
				INFOPLIST_FILE = Boast/Info.plist;
				IPHONEOS_DEPLOYMENT_TARGET = 14.0;
				LD_RUNPATH_SEARCH_PATHS = (
					"$(inherited)",
					"@executable_path/Frameworks",
				);
				PRODUCT_BUNDLE_IDENTIFIER = keimig.Boast;
				PRODUCT_NAME = "$(TARGET_NAME)";
				PROVISIONING_PROFILE_SPECIFIER = BoastProfile;
				SWIFT_VERSION = 5.0;
				TARGETED_DEVICE_FAMILY = "1,2";
			};
			name = Release;
		};
		2319058324ECBA4700939FE3 /* Debug */ = {
			isa = XCBuildConfiguration;
			buildSettings = {
				ALWAYS_EMBED_SWIFT_STANDARD_LIBRARIES = YES;
				BUNDLE_LOADER = "$(TEST_HOST)";
				CODE_SIGN_STYLE = Automatic;
				DEVELOPMENT_TEAM = F2KRA7MMDR;
				EXCLUDED_ARCHS = "";
				INFOPLIST_FILE = BoastTests/Info.plist;
				IPHONEOS_DEPLOYMENT_TARGET = 14.0;
				LD_RUNPATH_SEARCH_PATHS = (
					"$(inherited)",
					"@executable_path/Frameworks",
					"@loader_path/Frameworks",
				);
				PRODUCT_BUNDLE_IDENTIFIER = keimig.BoastTests;
				PRODUCT_NAME = "$(TARGET_NAME)";
				SWIFT_VERSION = 5.0;
				TARGETED_DEVICE_FAMILY = "1,2";
				TEST_HOST = "$(BUILT_PRODUCTS_DIR)/Boast.app/Boast";
			};
			name = Debug;
		};
		2319058424ECBA4700939FE3 /* Release */ = {
			isa = XCBuildConfiguration;
			buildSettings = {
				ALWAYS_EMBED_SWIFT_STANDARD_LIBRARIES = YES;
				BUNDLE_LOADER = "$(TEST_HOST)";
				CODE_SIGN_STYLE = Automatic;
				DEVELOPMENT_TEAM = F2KRA7MMDR;
				EXCLUDED_ARCHS = "";
				INFOPLIST_FILE = BoastTests/Info.plist;
				IPHONEOS_DEPLOYMENT_TARGET = 14.0;
				LD_RUNPATH_SEARCH_PATHS = (
					"$(inherited)",
					"@executable_path/Frameworks",
					"@loader_path/Frameworks",
				);
				PRODUCT_BUNDLE_IDENTIFIER = keimig.BoastTests;
				PRODUCT_NAME = "$(TARGET_NAME)";
				SWIFT_VERSION = 5.0;
				TARGETED_DEVICE_FAMILY = "1,2";
				TEST_HOST = "$(BUILT_PRODUCTS_DIR)/Boast.app/Boast";
			};
			name = Release;
		};
		2319058624ECBA4700939FE3 /* Debug */ = {
			isa = XCBuildConfiguration;
			buildSettings = {
				ALWAYS_EMBED_SWIFT_STANDARD_LIBRARIES = YES;
				CODE_SIGN_STYLE = Automatic;
				DEVELOPMENT_TEAM = F2KRA7MMDR;
				INFOPLIST_FILE = BoastUITests/Info.plist;
				LD_RUNPATH_SEARCH_PATHS = (
					"$(inherited)",
					"@executable_path/Frameworks",
					"@loader_path/Frameworks",
				);
				PRODUCT_BUNDLE_IDENTIFIER = keimig.BoastUITests;
				PRODUCT_NAME = "$(TARGET_NAME)";
				SWIFT_VERSION = 5.0;
				TARGETED_DEVICE_FAMILY = "1,2";
				TEST_TARGET_NAME = Boast;
			};
			name = Debug;
		};
		2319058724ECBA4700939FE3 /* Release */ = {
			isa = XCBuildConfiguration;
			buildSettings = {
				ALWAYS_EMBED_SWIFT_STANDARD_LIBRARIES = YES;
				CODE_SIGN_STYLE = Automatic;
				DEVELOPMENT_TEAM = F2KRA7MMDR;
				INFOPLIST_FILE = BoastUITests/Info.plist;
				LD_RUNPATH_SEARCH_PATHS = (
					"$(inherited)",
					"@executable_path/Frameworks",
					"@loader_path/Frameworks",
				);
				PRODUCT_BUNDLE_IDENTIFIER = keimig.BoastUITests;
				PRODUCT_NAME = "$(TARGET_NAME)";
				SWIFT_VERSION = 5.0;
				TARGETED_DEVICE_FAMILY = "1,2";
				TEST_TARGET_NAME = Boast;
			};
			name = Release;
		};
/* End XCBuildConfiguration section */

/* Begin XCConfigurationList section */
		2319055524ECBA4500939FE3 /* Build configuration list for PBXProject "Boast" */ = {
			isa = XCConfigurationList;
			buildConfigurations = (
				2319057D24ECBA4700939FE3 /* Debug */,
				2319057E24ECBA4700939FE3 /* Release */,
			);
			defaultConfigurationIsVisible = 0;
			defaultConfigurationName = Release;
		};
		2319057F24ECBA4700939FE3 /* Build configuration list for PBXNativeTarget "Boast" */ = {
			isa = XCConfigurationList;
			buildConfigurations = (
				2319058024ECBA4700939FE3 /* Debug */,
				2319058124ECBA4700939FE3 /* Release */,
			);
			defaultConfigurationIsVisible = 0;
			defaultConfigurationName = Release;
		};
		2319058224ECBA4700939FE3 /* Build configuration list for PBXNativeTarget "BoastTests" */ = {
			isa = XCConfigurationList;
			buildConfigurations = (
				2319058324ECBA4700939FE3 /* Debug */,
				2319058424ECBA4700939FE3 /* Release */,
			);
			defaultConfigurationIsVisible = 0;
			defaultConfigurationName = Release;
		};
		2319058524ECBA4700939FE3 /* Build configuration list for PBXNativeTarget "BoastUITests" */ = {
			isa = XCConfigurationList;
			buildConfigurations = (
				2319058624ECBA4700939FE3 /* Debug */,
				2319058724ECBA4700939FE3 /* Release */,
			);
			defaultConfigurationIsVisible = 0;
			defaultConfigurationName = Release;
		};
/* End XCConfigurationList section */

/* Begin XCRemoteSwiftPackageReference section */
		23086D2825080C910029A9C2 /* XCRemoteSwiftPackageReference "SwiftyJSON" */ = {
			isa = XCRemoteSwiftPackageReference;
			repositoryURL = "https://github.com/SwiftyJSON/SwiftyJSON.git";
			requirement = {
				kind = upToNextMajorVersion;
				minimumVersion = 5.0.0;
			};
		};
		2370A75E251C2E4C00F8A030 /* XCRemoteSwiftPackageReference "Splash" */ = {
			isa = XCRemoteSwiftPackageReference;
			repositoryURL = "https://github.com/JohnSundell/Splash";
			requirement = {
				kind = upToNextMajorVersion;
				minimumVersion = 0.14.0;
			};
		};
		23C227D3252F534000079F3F /* XCRemoteSwiftPackageReference "SwiftUIPager" */ = {
			isa = XCRemoteSwiftPackageReference;
			repositoryURL = "https://github.com/fermoya/SwiftUIPager.git";
			requirement = {
				kind = upToNextMajorVersion;
				minimumVersion = 1.11.1;
			};
		};
		23EA6AD724F4AF2D00E275F1 /* XCRemoteSwiftPackageReference "SwiftlySearch" */ = {
			isa = XCRemoteSwiftPackageReference;
			repositoryURL = "https://github.com/thislooksfun/SwiftlySearch";
			requirement = {
				kind = upToNextMajorVersion;
				minimumVersion = 1.2.1;
			};
		};
		23EA6ADC24F5C14F00E275F1 /* XCRemoteSwiftPackageReference "PartialSheet" */ = {
			isa = XCRemoteSwiftPackageReference;
			repositoryURL = "git@github.com:AndreaMiotto/PartialSheet.git";
			requirement = {
				kind = upToNextMajorVersion;
				minimumVersion = 2.1.8;
			};
		};
		23F6EAE62513EF4A00D7FC5F /* XCRemoteSwiftPackageReference "facebook-ios-sdk" */ = {
			isa = XCRemoteSwiftPackageReference;
			repositoryURL = "https://github.com/facebook/facebook-ios-sdk";
			requirement = {
				kind = upToNextMajorVersion;
				minimumVersion = 7.1.1;
			};
		};
/* End XCRemoteSwiftPackageReference section */

/* Begin XCSwiftPackageProductDependency section */
		23086D2925080C910029A9C2 /* SwiftyJSON */ = {
			isa = XCSwiftPackageProductDependency;
			package = 23086D2825080C910029A9C2 /* XCRemoteSwiftPackageReference "SwiftyJSON" */;
			productName = SwiftyJSON;
		};
		2370A75F251C2E4C00F8A030 /* Splash */ = {
			isa = XCSwiftPackageProductDependency;
			package = 2370A75E251C2E4C00F8A030 /* XCRemoteSwiftPackageReference "Splash" */;
			productName = Splash;
		};
		23C227D4252F534000079F3F /* SwiftUIPager */ = {
			isa = XCSwiftPackageProductDependency;
			package = 23C227D3252F534000079F3F /* XCRemoteSwiftPackageReference "SwiftUIPager" */;
			productName = SwiftUIPager;
		};
		23EA6AD824F4AF2D00E275F1 /* SwiftlySearch */ = {
			isa = XCSwiftPackageProductDependency;
			package = 23EA6AD724F4AF2D00E275F1 /* XCRemoteSwiftPackageReference "SwiftlySearch" */;
			productName = SwiftlySearch;
		};
		23EA6ADD24F5C14F00E275F1 /* PartialSheet */ = {
			isa = XCSwiftPackageProductDependency;
			package = 23EA6ADC24F5C14F00E275F1 /* XCRemoteSwiftPackageReference "PartialSheet" */;
			productName = PartialSheet;
		};
		23F6EAE72513EF4A00D7FC5F /* FacebookLogin */ = {
			isa = XCSwiftPackageProductDependency;
			package = 23F6EAE62513EF4A00D7FC5F /* XCRemoteSwiftPackageReference "facebook-ios-sdk" */;
			productName = FacebookLogin;
		};
		23F6EAE92513EF4A00D7FC5F /* FacebookCore */ = {
			isa = XCSwiftPackageProductDependency;
			package = 23F6EAE62513EF4A00D7FC5F /* XCRemoteSwiftPackageReference "facebook-ios-sdk" */;
			productName = FacebookCore;
		};
/* End XCSwiftPackageProductDependency section */
	};
	rootObject = 2319055224ECBA4500939FE3 /* Project object */;
}
